
Microsoft Visual Studio Solution File, Format Version 12.00
# Visual Studio Version 16
VisualStudioVersion = 16.0.30011.22
MinimumVisualStudioVersion = 10.0.40219.1
Project("{FAE04EC0-301F-11D3-BF4B-00C04F79EFBC}") = "LitikoRestService", "LitikoRestService.csproj", "{145F1D71-923D-4C33-AC57-6BEF6B31429B}"
EndProject
Global
	GlobalSection(SolutionConfigurationPlatforms) = preSolution
		Debug|Any CPU = Debug|Any CPU
		Release|Any CPU = Release|Any CPU
	EndGlobalSection
	GlobalSection(ProjectConfigurationPlatforms) = postSolution
		{145F1D71-923D-4C33-AC57-6BEF6B31429B}.Debug|Any CPU.ActiveCfg = Release|Any CPU
		{145F1D71-923D-4C33-AC57-6BEF6B31429B}.Debug|Any CPU.Build.0 = Release|Any CPU
		{145F1D71-923D-4C33-AC57-6BEF6B31429B}.Release|Any CPU.ActiveCfg = Release|Any CPU
		{145F1D71-923D-4C33-AC57-6BEF6B31429B}.Release|Any CPU.Build.0 = Release|Any CPU
	EndGlobalSection
	GlobalSection(SolutionProperties) = preSolution
		HideSolutionNode = FALSE
	EndGlobalSection
	GlobalSection(ExtensibilityGlobals) = postSolution
		SolutionGuid = {D59937FE-D3E3-4804-B2F1-8101FEA11BD8}
	EndGlobalSection
EndGlobal
